
Microsoft Visual Studio Solution File, Format Version 12.00
# Visual Studio Version 17
VisualStudioVersion = 17.8.34408.163
MinimumVisualStudioVersion = 10.0.40219.1
Project("{9A19103F-16F7-4668-BE54-9A1E7A4F7556}") = "Mission11", "Mission11.csproj", "{4EC9C256-DBA2-4933-8444-4236F1161CC7}"
EndProject
Global
	GlobalSection(SolutionConfigurationPlatforms) = preSolution
		Debug|Any CPU = Debug|Any CPU
		Release|Any CPU = Release|Any CPU
	EndGlobalSection
	GlobalSection(ProjectConfigurationPlatforms) = postSolution
		{4EC9C256-DBA2-4933-8444-4236F1161CC7}.Debug|Any CPU.ActiveCfg = Debug|Any CPU
		{4EC9C256-DBA2-4933-8444-4236F1161CC7}.Debug|Any CPU.Build.0 = Debug|Any CPU
		{4EC9C256-DBA2-4933-8444-4236F1161CC7}.Release|Any CPU.ActiveCfg = Release|Any CPU
		{4EC9C256-DBA2-4933-8444-4236F1161CC7}.Release|Any CPU.Build.0 = Release|Any CPU
	EndGlobalSection
	GlobalSection(SolutionProperties) = preSolution
		HideSolutionNode = FALSE
	EndGlobalSection
	GlobalSection(ExtensibilityGlobals) = postSolution
		SolutionGuid = {4E2D7050-9E7D-48DE-A13A-60DACB87793A}
	EndGlobalSection
EndGlobal
